
Microsoft Visual Studio Solution File, Format Version 12.00
Project("{FAE04EC0-301F-11D3-BF4B-00C04F79EFBC}") = "TomLonghurst.AllOf", "TomLonghurst.AllOf\TomLonghurst.AllOf.csproj", "{D8AEB1B9-0C42-4193-869E-47B1D0E377F8}"
EndProject
Project("{FAE04EC0-301F-11D3-BF4B-00C04F79EFBC}") = "TomLonghurst.AllOf.UnitTests", "TomLonghurst.AllOf.UnitTests\TomLonghurst.AllOf.UnitTests.csproj", "{001BD00C-3766-4949-A088-4F58B85A253D}"
EndProject
Project("{FAE04EC0-301F-11D3-BF4B-00C04F79EFBC}") = "TomLonghurst.AllOf.UnitTests.DependentProject", "TomLonghurst.AllOf.UnitTests.DependentProject\TomLonghurst.AllOf.UnitTests.DependentProject.csproj", "{56D50A11-2440-44DD-8518-CDD223C1B52E}"
EndProject
Global
	GlobalSection(SolutionConfigurationPlatforms) = preSolution
		Debug|Any CPU = Debug|Any CPU
		Release|Any CPU = Release|Any CPU
	EndGlobalSection
	GlobalSection(ProjectConfigurationPlatforms) = postSolution
		{D8AEB1B9-0C42-4193-869E-47B1D0E377F8}.Debug|Any CPU.ActiveCfg = Debug|Any CPU
		{D8AEB1B9-0C42-4193-869E-47B1D0E377F8}.Debug|Any CPU.Build.0 = Debug|Any CPU
		{D8AEB1B9-0C42-4193-869E-47B1D0E377F8}.Release|Any CPU.ActiveCfg = Release|Any CPU
		{D8AEB1B9-0C42-4193-869E-47B1D0E377F8}.Release|Any CPU.Build.0 = Release|Any CPU
		{001BD00C-3766-4949-A088-4F58B85A253D}.Debug|Any CPU.ActiveCfg = Debug|Any CPU
		{001BD00C-3766-4949-A088-4F58B85A253D}.Debug|Any CPU.Build.0 = Debug|Any CPU
		{001BD00C-3766-4949-A088-4F58B85A253D}.Release|Any CPU.ActiveCfg = Release|Any CPU
		{001BD00C-3766-4949-A088-4F58B85A253D}.Release|Any CPU.Build.0 = Release|Any CPU
		{56D50A11-2440-44DD-8518-CDD223C1B52E}.Debug|Any CPU.ActiveCfg = Debug|Any CPU
		{56D50A11-2440-44DD-8518-CDD223C1B52E}.Debug|Any CPU.Build.0 = Debug|Any CPU
		{56D50A11-2440-44DD-8518-CDD223C1B52E}.Release|Any CPU.ActiveCfg = Release|Any CPU
		{56D50A11-2440-44DD-8518-CDD223C1B52E}.Release|Any CPU.Build.0 = Release|Any CPU
	EndGlobalSection
EndGlobal
